{
  "name": "dessert-js-yaml",
  "version": "1.0.0",
  "lockfileVersion": 1,
  "requires": true,
  "dependencies": {
    "dessert-yaml-core": {
      "version": "0.1.1",
      "resolved": "https://registry.npmjs.org/dessert-yaml-core/-/dessert-yaml-core-0.1.1.tgz",
      "integrity": "sha512-e0M5KWv8y0/366jHFPHo3uKfT8xk8EIiIAlyjmXr1W2bsVdn8ZxpBAmbG9DEiJ5jWS9vJPF2M3UG+9bkegezuQ=="
    }
  }
}
